<?xml version="1.0" encoding="utf-8"?>
<Project ToolsVersion="4.0" xmlns="http://schemas.microsoft.com/developer/msbuild/2003">
  <ItemGroup>
    <Filter Include="Source Files">
      <UniqueIdentifier>{4FC737F1-C7A5-4376-A066-2A32D752A2FF}</UniqueIdentifier>
      <Extensions>cpp;c;cc;cxx;c++;cppm;ixx;def;odl;idl;hpj;bat;asm;asmx</Extensions>
    </Filter>
    <Filter Include="Header Files">
      <UniqueIdentifier>{93995380-89BD-4b04-88EB-625FBE52EBFB}</UniqueIdentifier>
      <Extensions>h;hh;hpp;hxx;h++;hm;inl;inc;ipp;xsd</Extensions>
    </Filter>
    <Filter Include="Resource Files">
      <UniqueIdentifier>{67DA6AB6-F800-4c08-8B7A-83BB121AAD01}</UniqueIdentifier>
      <Extensions>rc;ico;cur;bmp;dlg;rc2;rct;bin;rgs;gif;jpg;jpeg;jpe;resx;tiff;tif;png;wav;mfcribbon-ms</Extensions>
    </Filter>
  </ItemGroup>
  <ItemGroup>
    <ClCompile Include="App.cpp">
      <Filter>Source Files</Filter>
    </ClCompile>
    <ClCompile Include="Text Formatting\AppTF.cpp">
      <Filter>Source Files</Filter>
    </ClCompile>
    <ClCompile Include="Tables\AppT.cpp">
      <Filter>Source Files</Filter>
    </ClCompile>
    <ClCompile Include="Choices\AppC.cpp">
      <Filter>Source Files</Filter>
    </ClCompile>
    <ClCompile Include="Economy\Banks\ChooseBankE.cpp">
      <Filter>Source Files</Filter>
    </ClCompile>
    <ClCompile Include="RND\Split.cpp">
      <Filter>Source Files</Filter>
    </ClCompile>
    <ClCompile Include="Tables\BankT.cpp">
      <Filter>Source Files</Filter>
    </ClCompile>
    <ClCompile Include="Choices\BankC.cpp">
      <Filter>Source Files</Filter>
    </ClCompile>
    <ClCompile Include="Economy\Banks\CheckAccE.cpp">
      <Filter>Source Files</Filter>
    </ClCompile>
    <ClCompile Include="Text Formatting\Banks\CheckAccTF.cpp">
      <Filter>Source Files</Filter>
    </ClCompile>
    <ClCompile Include="Text Formatting\Shop\ShopTF.cpp">
      <Filter>Source Files</Filter>
    </ClCompile>
    <ClCompile Include="Economy\Shop\ShopE.cpp">
      <Filter>Source Files</Filter>
    </ClCompile>
    <ClCompile Include="Tables\Shop\ShopT.cpp">
      <Filter>Source Files</Filter>
    </ClCompile>
    <ClCompile Include="Choices\Shop\ShopC.cpp">
      <Filter>Source Files</Filter>
    </ClCompile>
    <ClCompile Include="Text Formatting\Shop\Items\SweaterTF.cpp">
      <Filter>Source Files</Filter>
    </ClCompile>
    <ClCompile Include="RND\ContinueApp.cpp">
      <Filter>Source Files</Filter>
    </ClCompile>
    <ClCompile Include="Choices\Shop\Items\Clothing\SweaterC.cpp">
      <Filter>Source Files</Filter>
    </ClCompile>
    <ClCompile Include="Economy\Shop\Items\Clothing\Sweater\Man\S\Small.cpp">
      <Filter>Source Files</Filter>
    </ClCompile>
    <ClCompile Include="Economy\Shop\Items\Clothing\Sweater\Logic.cpp">
      <Filter>Source Files</Filter>
    </ClCompile>
    <ClCompile Include="Economy\Jobs\PickJob.cpp">
      <Filter>Source Files</Filter>
    </ClCompile>
    <ClCompile Include="Tables\Job\PickJobT.cpp">
      <Filter>Source Files</Filter>
    </ClCompile>
    <ClCompile Include="Choices\Jobs\PickJobC.cpp">
      <Filter>Source Files</Filter>
    </ClCompile>
    <ClCompile Include="Economy\Jobs\Care\Nurse.cpp">
      <Filter>Source Files</Filter>
    </ClCompile>
  </ItemGroup>
  <ItemGroup>
    <ClInclude Include="Text Formatting\AppTF.h">
      <Filter>Header Files</Filter>
    </ClInclude>
    <ClInclude Include="Tables\AppT.h">
      <Filter>Header Files</Filter>
    </ClInclude>
    <ClInclude Include="Choices\AppC.h">
      <Filter>Header Files</Filter>
    </ClInclude>
    <ClInclude Include="Economy\Banks\ChooseBankE.h">
      <Filter>Header Files</Filter>
    </ClInclude>
    <ClInclude Include="RND\Split.h">
      <Filter>Header Files</Filter>
    </ClInclude>
    <ClInclude Include="Tables\BankT.h">
      <Filter>Header Files</Filter>
    </ClInclude>
    <ClInclude Include="Choices\BankC.h">
      <Filter>Header Files</Filter>
    </ClInclude>
    <ClInclude Include="Economy\Banks\CheckAccE.h">
      <Filter>Header Files</Filter>
    </ClInclude>
    <ClInclude Include="Text Formatting\Banks\CheckAccTF.h">
      <Filter>Header Files</Filter>
    </ClInclude>
    <ClInclude Include="Economy\Shop\ShopE.h">
      <Filter>Header Files</Filter>
    </ClInclude>
    <ClInclude Include="Text Formatting\Shop\ShopTF.h">
      <Filter>Header Files</Filter>
    </ClInclude>
    <ClInclude Include="Tables\Shop\ShopT.h">
      <Filter>Header Files</Filter>
    </ClInclude>
    <ClInclude Include="Choices\Shop\ShopC.h">
      <Filter>Header Files</Filter>
    </ClInclude>
    <ClInclude Include="Text Formatting\Shop\Items\SweaterTF.h">
      <Filter>Header Files</Filter>
    </ClInclude>
    <ClInclude Include="RND\ContinueApp.h">
      <Filter>Header Files</Filter>
    </ClInclude>
    <ClInclude Include="Economy\Shop\Items\Clothing\PantsE.h">
      <Filter>Header Files</Filter>
    </ClInclude>
    <ClInclude Include="Choices\Shop\Items\Clothing\SweaterC.h">
      <Filter>Header Files</Filter>
    </ClInclude>
    <ClInclude Include="Economy\Shop\Items\Clothing\Sweater\Man\S\Small.h">
      <Filter>Header Files</Filter>
    </ClInclude>
    <ClInclude Include="Economy\Shop\Items\Clothing\Sweater\Logic.h">
      <Filter>Header Files</Filter>
    </ClInclude>
    <ClInclude Include="Economy\Jobs\PickJob.h">
      <Filter>Header Files</Filter>
    </ClInclude>
    <ClInclude Include="Tables\Job\PickJobT.h">
      <Filter>Header Files</Filter>
    </ClInclude>
    <ClInclude Include="Choices\Jobs\PickJobC.h">
      <Filter>Header Files</Filter>
    </ClInclude>
    <ClInclude Include="Economy\Jobs\Care\Nurse.h">
      <Filter>Header Files</Filter>
    </ClInclude>
  </ItemGroup>
</Project>